
Microsoft Visual Studio Solution File, Format Version 12.00
# Visual Studio Version 17
VisualStudioVersion = 17.11.35327.3
MinimumVisualStudioVersion = 10.0.40219.1
Project("{F184B08F-C81C-45F6-A57F-5ABD9991F28F}") = "app3-3", "app3-3.vbproj", "{8871204C-6621-44D6-A848-4ACB015D7904}"
EndProject
Global
	GlobalSection(SolutionConfigurationPlatforms) = preSolution
		Debug|Any CPU = Debug|Any CPU
		Release|Any CPU = Release|Any CPU
	EndGlobalSection
	GlobalSection(ProjectConfigurationPlatforms) = postSolution
		{8871204C-6621-44D6-A848-4ACB015D7904}.Debug|Any CPU.ActiveCfg = Debug|Any CPU
		{8871204C-6621-44D6-A848-4ACB015D7904}.Debug|Any CPU.Build.0 = Debug|Any CPU
		{8871204C-6621-44D6-A848-4ACB015D7904}.Release|Any CPU.ActiveCfg = Release|Any CPU
		{8871204C-6621-44D6-A848-4ACB015D7904}.Release|Any CPU.Build.0 = Release|Any CPU
	EndGlobalSection
	GlobalSection(SolutionProperties) = preSolution
		HideSolutionNode = FALSE
	EndGlobalSection
	GlobalSection(ExtensibilityGlobals) = postSolution
		SolutionGuid = {F779A584-FD84-48FA-93F6-3B0D20232D24}
	EndGlobalSection
EndGlobal
